
Microsoft Visual Studio Solution File, Format Version 12.00
# Visual Studio Version 16
VisualStudioVersion = 16.0.30309.148
MinimumVisualStudioVersion = 10.0.40219.1
Project("{FAE04EC0-301F-11D3-BF4B-00C04F79EFBC}") = "NumericOperation", "NumericOperation.csproj", "{998CE091-9C7B-45B2-B09C-AADE4E66F02F}"
EndProject
Global
	GlobalSection(SolutionConfigurationPlatforms) = preSolution
		Debug|Any CPU = Debug|Any CPU
		Release|Any CPU = Release|Any CPU
	EndGlobalSection
	GlobalSection(ProjectConfigurationPlatforms) = postSolution
		{998CE091-9C7B-45B2-B09C-AADE4E66F02F}.Debug|Any CPU.ActiveCfg = Debug|Any CPU
		{998CE091-9C7B-45B2-B09C-AADE4E66F02F}.Debug|Any CPU.Build.0 = Debug|Any CPU
		{998CE091-9C7B-45B2-B09C-AADE4E66F02F}.Release|Any CPU.ActiveCfg = Release|Any CPU
		{998CE091-9C7B-45B2-B09C-AADE4E66F02F}.Release|Any CPU.Build.0 = Release|Any CPU
	EndGlobalSection
	GlobalSection(SolutionProperties) = preSolution
		HideSolutionNode = FALSE
	EndGlobalSection
	GlobalSection(ExtensibilityGlobals) = postSolution
		SolutionGuid = {769CF645-78BE-475D-991C-3303D53912ED}
	EndGlobalSection
EndGlobal
