
Microsoft Visual Studio Solution File, Format Version 12.00
# Visual Studio Version 16
VisualStudioVersion = 16.0.30309.148
MinimumVisualStudioVersion = 10.0.40219.1
Project("{FAE04EC0-301F-11D3-BF4B-00C04F79EFBC}") = "Number to word", "Number to word.csproj", "{EB9845D0-DBE2-47BC-9D26-2E08564A9DCA}"
EndProject
Global
	GlobalSection(SolutionConfigurationPlatforms) = preSolution
		Debug|Any CPU = Debug|Any CPU
		Release|Any CPU = Release|Any CPU
	EndGlobalSection
	GlobalSection(ProjectConfigurationPlatforms) = postSolution
		{EB9845D0-DBE2-47BC-9D26-2E08564A9DCA}.Debug|Any CPU.ActiveCfg = Debug|Any CPU
		{EB9845D0-DBE2-47BC-9D26-2E08564A9DCA}.Debug|Any CPU.Build.0 = Debug|Any CPU
		{EB9845D0-DBE2-47BC-9D26-2E08564A9DCA}.Release|Any CPU.ActiveCfg = Release|Any CPU
		{EB9845D0-DBE2-47BC-9D26-2E08564A9DCA}.Release|Any CPU.Build.0 = Release|Any CPU
	EndGlobalSection
	GlobalSection(SolutionProperties) = preSolution
		HideSolutionNode = FALSE
	EndGlobalSection
	GlobalSection(ExtensibilityGlobals) = postSolution
		SolutionGuid = {1F825EE3-FDB6-4D5D-BD45-4EE36A8366D1}
	EndGlobalSection
EndGlobal
